
Microsoft Visual Studio Solution File, Format Version 12.00
# Visual Studio 15
VisualStudioVersion = 15.0.27703.2042
MinimumVisualStudioVersion = 10.0.40219.1
Project("{FAE04EC0-301F-11D3-BF4B-00C04F79EFBC}") = "HHZ", "HHZ\HHZ.csproj", "{46543703-B77F-48B5-978E-640F0DF570FF}"
EndProject
Global
	GlobalSection(SolutionConfigurationPlatforms) = preSolution
		Debug|Any CPU = Debug|Any CPU
		Release|Any CPU = Release|Any CPU
	EndGlobalSection
	GlobalSection(ProjectConfigurationPlatforms) = postSolution
		{46543703-B77F-48B5-978E-640F0DF570FF}.Debug|Any CPU.ActiveCfg = Debug|Any CPU
		{46543703-B77F-48B5-978E-640F0DF570FF}.Debug|Any CPU.Build.0 = Debug|Any CPU
		{46543703-B77F-48B5-978E-640F0DF570FF}.Release|Any CPU.ActiveCfg = Release|Any CPU
		{46543703-B77F-48B5-978E-640F0DF570FF}.Release|Any CPU.Build.0 = Release|Any CPU
	EndGlobalSection
	GlobalSection(SolutionProperties) = preSolution
		HideSolutionNode = FALSE
	EndGlobalSection
	GlobalSection(ExtensibilityGlobals) = postSolution
		SolutionGuid = {D24AB3FF-8922-4FC3-9150-B17F47E02CE8}
	EndGlobalSection
EndGlobal
